{
  "name": "bpmn-fixer",
  "lockfileVersion": 3,
  "requires": true,
  "packages": {
    "": {
      "dependencies": {
        "bpmn-auto-layout": "^1.0.0",
        "uuid-v4": "^0.1.0",
        "xml2js": "^0.6.2"
      }
    },
    "node_modules/bpmn-auto-layout": {
      "version": "1.0.0",
      "resolved": "https://registry.npmjs.org/bpmn-auto-layout/-/bpmn-auto-layout-1.0.0.tgz",
      "integrity": "sha512-1hku7nN3zSjJF+pGY1IcPxj+pU878wmUgza6SmxblhBvFP9O8ltOJmimTxvofxBvNe0K8e0G6/Q0CEHMjOzcWQ==",
      "license": "MIT",
      "workspaces": [
        "example"
      ],
      "dependencies": {
        "bpmn-moddle": "^9.0.1",
        "min-dash": "^4.1.1"
      },
      "engines": {
        "node": ">= 18"
      }
    },
    "node_modules/bpmn-moddle": {
      "version": "9.0.1",
      "resolved": "https://registry.npmjs.org/bpmn-moddle/-/bpmn-moddle-9.0.1.tgz",
      "integrity": "sha512-jO2P5RBx0cZCCd+imqhpNE5anttaYuGd71u76NEA/qMZwJSW1t5ETAtw9/E2InfiPU2w0TR8oxPyopJXRc9VQg==",
      "license": "MIT",
      "dependencies": {
        "min-dash": "^4.2.1",
        "moddle": "^7.0.0",
        "moddle-xml": "^11.0.0"
      },
      "engines": {
        "node": ">= 18"
      }
    },
    "node_modules/min-dash": {
      "version": "4.2.3",
      "resolved": "https://registry.npmjs.org/min-dash/-/min-dash-4.2.3.tgz",
      "integrity": "sha512-VLMYQI5+FcD9Ad24VcB08uA83B07OhueAlZ88jBK6PyupTvEJwllTMUqMy0wPGYs7pZUEtEEMWdHB63m3LtEcg==",
      "license": "MIT"
    },
    "node_modules/moddle": {
      "version": "7.2.0",
      "resolved": "https://registry.npmjs.org/moddle/-/moddle-7.2.0.tgz",
      "integrity": "sha512-x1+JREThy7JBOBR3g2hbOnOfrlC/YAWXX9RzrSZS5HhqeuBly9H/PCtOBtcQs+Y2sjRAXF+WTNSgHvn8Uq+6Yw==",
      "license": "MIT",
      "dependencies": {
        "min-dash": "^4.2.1"
      }
    },
    "node_modules/moddle-xml": {
      "version": "11.0.0",
      "resolved": "https://registry.npmjs.org/moddle-xml/-/moddle-xml-11.0.0.tgz",
      "integrity": "sha512-L3Sseepfcq9Uy0iIfqEDTXSoYLva1Y/JGbN/4AMOeQ6cqbu8Ma/SDJIdOFm7smsAa64j2z3SwCGG3FIilQVnUg==",
      "license": "MIT",
      "dependencies": {
        "min-dash": "^4.0.0",
        "saxen": "^10.0.0"
      },
      "engines": {
        "node": ">= 18"
      },
      "peerDependencies": {
        "moddle": ">= 6.2.0"
      }
    },
    "node_modules/sax": {
      "version": "1.4.1",
      "resolved": "https://registry.npmjs.org/sax/-/sax-1.4.1.tgz",
      "integrity": "sha512-+aWOz7yVScEGoKNd4PA10LZ8sk0A/z5+nXQG5giUO5rprX9jgYsTdov9qCchZiPIZezbZH+jRut8nPodFAX4Jg==",
      "license": "ISC"
    },
    "node_modules/saxen": {
      "version": "10.0.0",
      "resolved": "https://registry.npmjs.org/saxen/-/saxen-10.0.0.tgz",
      "integrity": "sha512-RXsmWok/SAWqOG/f5ADEz51DN9WtZEzqih3e08ranldcaXekxjx8NBKjGh/y5hlowjo0JH/LekBu6gtPFD1G6g==",
      "license": "MIT",
      "engines": {
        "node": ">= 18"
      }
    },
    "node_modules/uuid-v4": {
      "version": "0.1.0",
      "resolved": "https://registry.npmjs.org/uuid-v4/-/uuid-v4-0.1.0.tgz",
      "integrity": "sha512-m11RYDtowtAIihBXMoGajOEKpAXrKbpKlpmxqyztMYQNGSY5nZAZ/oYch/w2HNS1RMA4WLGcZvuD8/wFMuCEzA==",
      "engines": {
        "node": "*"
      }
    },
    "node_modules/xml2js": {
      "version": "0.6.2",
      "resolved": "https://registry.npmjs.org/xml2js/-/xml2js-0.6.2.tgz",
      "integrity": "sha512-T4rieHaC1EXcES0Kxxj4JWgaUQHDk+qwHcYOCFHfiwKz7tOVPLq7Hjq9dM1WCMhylqMEfP7hMcOIChvotiZegA==",
      "license": "MIT",
      "dependencies": {
        "sax": ">=0.6.0",
        "xmlbuilder": "~11.0.0"
      },
      "engines": {
        "node": ">=4.0.0"
      }
    },
    "node_modules/xmlbuilder": {
      "version": "11.0.1",
      "resolved": "https://registry.npmjs.org/xmlbuilder/-/xmlbuilder-11.0.1.tgz",
      "integrity": "sha512-fDlsI/kFEx7gLvbecc0/ohLG50fugQp8ryHzMTuW9vSa1GJ0XYWKnhsUx7oie3G98+r56aTQIUB4kht42R3JvA==",
      "license": "MIT",
      "engines": {
        "node": ">=4.0"
      }
    }
  }
}
